// !$*UTF8*$!
{
	archiveVersion = 1;
	classes = {
	};
	objectVersion = 52;
	objects = {

/* Begin PBXBuildFile section */
		190248242950A9F10038ED18 /* Int+Extenstions.swift in Sources */ = {isa = PBXBuildFile; fileRef = 190248232950A9F10038ED18 /* Int+Extenstions.swift */; };
		1902482D2950C4710038ED18 /* EnterToAppView.swift in Sources */ = {isa = PBXBuildFile; fileRef = 1902482B2950C4710038ED18 /* EnterToAppView.swift */; };
		1902482E2950C4710038ED18 /* ShowLoginView.swift in Sources */ = {isa = PBXBuildFile; fileRef = 1902482C2950C4710038ED18 /* ShowLoginView.swift */; };
		190248312950C5150038ED18 /* TrackView.swift in Sources */ = {isa = PBXBuildFile; fileRef = 1902482F2950C5150038ED18 /* TrackView.swift */; };
		190248322950C5150038ED18 /* ArtistView.swift in Sources */ = {isa = PBXBuildFile; fileRef = 190248302950C5150038ED18 /* ArtistView.swift */; };
		190248342950CC650038ED18 /* CircleGroupView.swift in Sources */ = {isa = PBXBuildFile; fileRef = 190248332950CC650038ED18 /* CircleGroupView.swift */; };
		190248372950CC7B0038ED18 /* TrackHScrollableView.swift in Sources */ = {isa = PBXBuildFile; fileRef = 190248352950CC7B0038ED18 /* TrackHScrollableView.swift */; };
		190248382950CC7B0038ED18 /* StopAlarmView.swift in Sources */ = {isa = PBXBuildFile; fileRef = 190248362950CC7B0038ED18 /* StopAlarmView.swift */; };
		1902483A2951CB910038ED18 /* Binding+Extensions.swift in Sources */ = {isa = PBXBuildFile; fileRef = 190248392951CB910038ED18 /* Binding+Extensions.swift */; };
		1902483D2951CD050038ED18 /* Realm in Frameworks */ = {isa = PBXBuildFile; productRef = 1902483C2951CD050038ED18 /* Realm */; };
		1902483F2951CD050038ED18 /* RealmSwift in Frameworks */ = {isa = PBXBuildFile; productRef = 1902483E2951CD050038ED18 /* RealmSwift */; };
		190248412951CFEA0038ED18 /* TrackItem.swift in Sources */ = {isa = PBXBuildFile; fileRef = 190248402951CFEA0038ED18 /* TrackItem.swift */; };
		190248432951DB200038ED18 /* AlarmTrackView.swift in Sources */ = {isa = PBXBuildFile; fileRef = 190248422951DB200038ED18 /* AlarmTrackView.swift */; };
		19024845295230800038ED18 /* GradientButton.swift in Sources */ = {isa = PBXBuildFile; fileRef = 19024844295230800038ED18 /* GradientButton.swift */; };
		1902484B29523ECA0038ED18 /* Assets.xcassets in Resources */ = {isa = PBXBuildFile; fileRef = 1902484A29523ECA0038ED18 /* Assets.xcassets */; };
		191E3A89294DF39A004E57DD /* ChooseMusicView.swift in Sources */ = {isa = PBXBuildFile; fileRef = 191E3A88294DF39A004E57DD /* ChooseMusicView.swift */; };
		191E3A8C294E075A004E57DD /* ColorNames.swift in Sources */ = {isa = PBXBuildFile; fileRef = 191E3A8B294E075A004E57DD /* ColorNames.swift */; };
		191E3A8F294E59AE004E57DD /* SelectSpotifyMusicView.swift in Sources */ = {isa = PBXBuildFile; fileRef = 191E3A8E294E59AE004E57DD /* SelectSpotifyMusicView.swift */; };
		191E3A91294F3BDA004E57DD /* HelpView.swift in Sources */ = {isa = PBXBuildFile; fileRef = 191E3A90294F3BDA004E57DD /* HelpView.swift */; };
		191E3A94294F3CFF004E57DD /* XCDYouTubeKit in Frameworks */ = {isa = PBXBuildFile; productRef = 191E3A93294F3CFF004E57DD /* XCDYouTubeKit */; };
		191E3A97294F9829004E57DD /* ListBackgroundModifier.swift in Sources */ = {isa = PBXBuildFile; fileRef = 191E3A96294F9829004E57DD /* ListBackgroundModifier.swift */; };
		191E3A99294F998A004E57DD /* NavigationBarModifier.swift in Sources */ = {isa = PBXBuildFile; fileRef = 191E3A98294F998A004E57DD /* NavigationBarModifier.swift */; };
		191E3AA029506A2F004E57DD /* AlarmSpotifyGridView.swift in Sources */ = {isa = PBXBuildFile; fileRef = 191E3A9F29506A2F004E57DD /* AlarmSpotifyGridView.swift */; };
		19503364289574DB00D1C1CF /* LoginView.swift in Sources */ = {isa = PBXBuildFile; fileRef = 19503363289574DB00D1C1CF /* LoginView.swift */; };
		19890F1C29525BA000B1D8F1 /* AddTrackListButton.swift in Sources */ = {isa = PBXBuildFile; fileRef = 19890F1B29525BA000B1D8F1 /* AddTrackListButton.swift */; };
		19890F21295264B500B1D8F1 /* Migrator.swift in Sources */ = {isa = PBXBuildFile; fileRef = 19890F20295264B500B1D8F1 /* Migrator.swift */; };
		19EF7AF6288BC28E009D0887 /* TopSongsView.swift in Sources */ = {isa = PBXBuildFile; fileRef = 19EF7AF5288BC28E009D0887 /* TopSongsView.swift */; };
		19EF7AF8288BC806009D0887 /* TopArtistsView.swift in Sources */ = {isa = PBXBuildFile; fileRef = 19EF7AF7288BC806009D0887 /* TopArtistsView.swift */; };
		19F39A24294D0B6600AA4C2B /* AlarmView.swift in Sources */ = {isa = PBXBuildFile; fileRef = 19F39A23294D0B6600AA4C2B /* AlarmView.swift */; };
		470812ED2515E4D700794934 /* Topotify.swift in Sources */ = {isa = PBXBuildFile; fileRef = 470812EC2515E4D700794934 /* Topotify.swift */; };
		470812EF2515E4D700794934 /* RootView.swift in Sources */ = {isa = PBXBuildFile; fileRef = 470812EE2515E4D700794934 /* RootView.swift */; };
		470812F42515E4DA00794934 /* Preview Assets.xcassets in Resources */ = {isa = PBXBuildFile; fileRef = 470812F32515E4DA00794934 /* Preview Assets.xcassets */; };
		470813032515E8A200794934 /* KeychainAccess in Frameworks */ = {isa = PBXBuildFile; productRef = 470813022515E8A200794934 /* KeychainAccess */; };
		4708130A2515EA2800794934 /* Spotify.swift in Sources */ = {isa = PBXBuildFile; fileRef = 470813092515EA2800794934 /* Spotify.swift */; };
		4708130E2515EB6B00794934 /* ImageNames.swift in Sources */ = {isa = PBXBuildFile; fileRef = 4708130D2515EB6B00794934 /* ImageNames.swift */; };
		47363AEB26112991007EEF6A /* RecentlyPlayedView.swift in Sources */ = {isa = PBXBuildFile; fileRef = 47363AEA26112991007EEF6A /* RecentlyPlayedView.swift */; };
		47A93562261A808600134BC3 /* SpotifyAPI in Frameworks */ = {isa = PBXBuildFile; productRef = 47A93561261A808600134BC3 /* SpotifyAPI */; };
		47AAFC4325A0098900DC1A02 /* AlertItem.swift in Sources */ = {isa = PBXBuildFile; fileRef = 47AAFC4225A0098900DC1A02 /* AlertItem.swift */; };
		47B9615025169BEF0069E441 /* SettingsView.swift in Sources */ = {isa = PBXBuildFile; fileRef = 47B9614F25169BEF0069E441 /* SettingsView.swift */; };
		47C332A7251688D9009ED5CA /* MiscellaneousUtilities.swift in Sources */ = {isa = PBXBuildFile; fileRef = 47C332A6251688D9009ED5CA /* MiscellaneousUtilities.swift */; };
/* End PBXBuildFile section */

/* Begin PBXFileReference section */
		190248232950A9F10038ED18 /* Int+Extenstions.swift */ = {isa = PBXFileReference; lastKnownFileType = sourcecode.swift; path = "Int+Extenstions.swift"; sourceTree = "<group>"; };
		1902482B2950C4710038ED18 /* EnterToAppView.swift */ = {isa = PBXFileReference; fileEncoding = 4; lastKnownFileType = sourcecode.swift; path = EnterToAppView.swift; sourceTree = "<group>"; };
		1902482C2950C4710038ED18 /* ShowLoginView.swift */ = {isa = PBXFileReference; fileEncoding = 4; lastKnownFileType = sourcecode.swift; path = ShowLoginView.swift; sourceTree = "<group>"; };
		1902482F2950C5150038ED18 /* TrackView.swift */ = {isa = PBXFileReference; fileEncoding = 4; lastKnownFileType = sourcecode.swift; path = TrackView.swift; sourceTree = "<group>"; };
		190248302950C5150038ED18 /* ArtistView.swift */ = {isa = PBXFileReference; fileEncoding = 4; lastKnownFileType = sourcecode.swift; path = ArtistView.swift; sourceTree = "<group>"; };
		190248332950CC650038ED18 /* CircleGroupView.swift */ = {isa = PBXFileReference; fileEncoding = 4; lastKnownFileType = sourcecode.swift; path = CircleGroupView.swift; sourceTree = "<group>"; };
		190248352950CC7B0038ED18 /* TrackHScrollableView.swift */ = {isa = PBXFileReference; fileEncoding = 4; lastKnownFileType = sourcecode.swift; path = TrackHScrollableView.swift; sourceTree = "<group>"; };
		190248362950CC7B0038ED18 /* StopAlarmView.swift */ = {isa = PBXFileReference; fileEncoding = 4; lastKnownFileType = sourcecode.swift; path = StopAlarmView.swift; sourceTree = "<group>"; };
		190248392951CB910038ED18 /* Binding+Extensions.swift */ = {isa = PBXFileReference; lastKnownFileType = sourcecode.swift; path = "Binding+Extensions.swift"; sourceTree = "<group>"; };
		190248402951CFEA0038ED18 /* TrackItem.swift */ = {isa = PBXFileReference; lastKnownFileType = sourcecode.swift; path = TrackItem.swift; sourceTree = "<group>"; };
		190248422951DB200038ED18 /* AlarmTrackView.swift */ = {isa = PBXFileReference; lastKnownFileType = sourcecode.swift; path = AlarmTrackView.swift; sourceTree = "<group>"; };
		19024844295230800038ED18 /* GradientButton.swift */ = {isa = PBXFileReference; lastKnownFileType = sourcecode.swift; path = GradientButton.swift; sourceTree = "<group>"; };
		1902484A29523ECA0038ED18 /* Assets.xcassets */ = {isa = PBXFileReference; lastKnownFileType = folder.assetcatalog; path = Assets.xcassets; sourceTree = "<group>"; };
		191E3A88294DF39A004E57DD /* ChooseMusicView.swift */ = {isa = PBXFileReference; lastKnownFileType = sourcecode.swift; path = ChooseMusicView.swift; sourceTree = "<group>"; };
		191E3A8B294E075A004E57DD /* ColorNames.swift */ = {isa = PBXFileReference; lastKnownFileType = sourcecode.swift; path = ColorNames.swift; sourceTree = "<group>"; };
		191E3A8E294E59AE004E57DD /* SelectSpotifyMusicView.swift */ = {isa = PBXFileReference; lastKnownFileType = sourcecode.swift; path = SelectSpotifyMusicView.swift; sourceTree = "<group>"; };
		191E3A90294F3BDA004E57DD /* HelpView.swift */ = {isa = PBXFileReference; lastKnownFileType = sourcecode.swift; path = HelpView.swift; sourceTree = "<group>"; };
		191E3A96294F9829004E57DD /* ListBackgroundModifier.swift */ = {isa = PBXFileReference; lastKnownFileType = sourcecode.swift; path = ListBackgroundModifier.swift; sourceTree = "<group>"; };
		191E3A98294F998A004E57DD /* NavigationBarModifier.swift */ = {isa = PBXFileReference; lastKnownFileType = sourcecode.swift; path = NavigationBarModifier.swift; sourceTree = "<group>"; };
		191E3A9F29506A2F004E57DD /* AlarmSpotifyGridView.swift */ = {isa = PBXFileReference; lastKnownFileType = sourcecode.swift; path = AlarmSpotifyGridView.swift; sourceTree = "<group>"; };
		19503363289574DB00D1C1CF /* LoginView.swift */ = {isa = PBXFileReference; lastKnownFileType = sourcecode.swift; path = LoginView.swift; sourceTree = "<group>"; };
		19890F1B29525BA000B1D8F1 /* AddTrackListButton.swift */ = {isa = PBXFileReference; lastKnownFileType = sourcecode.swift; path = AddTrackListButton.swift; sourceTree = "<group>"; };
		19890F20295264B500B1D8F1 /* Migrator.swift */ = {isa = PBXFileReference; lastKnownFileType = sourcecode.swift; path = Migrator.swift; sourceTree = "<group>"; };
		19EF7AF5288BC28E009D0887 /* TopSongsView.swift */ = {isa = PBXFileReference; lastKnownFileType = sourcecode.swift; path = TopSongsView.swift; sourceTree = "<group>"; };
		19EF7AF7288BC806009D0887 /* TopArtistsView.swift */ = {isa = PBXFileReference; lastKnownFileType = sourcecode.swift; path = TopArtistsView.swift; sourceTree = "<group>"; };
		19F39A23294D0B6600AA4C2B /* AlarmView.swift */ = {isa = PBXFileReference; lastKnownFileType = sourcecode.swift; path = AlarmView.swift; sourceTree = "<group>"; };
		470812E92515E4D700794934 /* Topotify.app */ = {isa = PBXFileReference; explicitFileType = wrapper.application; includeInIndex = 0; path = Topotify.app; sourceTree = BUILT_PRODUCTS_DIR; };
		470812EC2515E4D700794934 /* Topotify.swift */ = {isa = PBXFileReference; lastKnownFileType = sourcecode.swift; path = Topotify.swift; sourceTree = "<group>"; };
		470812EE2515E4D700794934 /* RootView.swift */ = {isa = PBXFileReference; lastKnownFileType = sourcecode.swift; path = RootView.swift; sourceTree = "<group>"; };
		470812F32515E4DA00794934 /* Preview Assets.xcassets */ = {isa = PBXFileReference; lastKnownFileType = folder.assetcatalog; path = "Preview Assets.xcassets"; sourceTree = "<group>"; };
		470812F52515E4DA00794934 /* Info.plist */ = {isa = PBXFileReference; lastKnownFileType = text.plist.xml; path = Info.plist; sourceTree = "<group>"; };
		470813092515EA2800794934 /* Spotify.swift */ = {isa = PBXFileReference; lastKnownFileType = sourcecode.swift; path = Spotify.swift; sourceTree = "<group>"; };
		4708130D2515EB6B00794934 /* ImageNames.swift */ = {isa = PBXFileReference; lastKnownFileType = sourcecode.swift; path = ImageNames.swift; sourceTree = "<group>"; };
		47363AEA26112991007EEF6A /* RecentlyPlayedView.swift */ = {isa = PBXFileReference; lastKnownFileType = sourcecode.swift; path = RecentlyPlayedView.swift; sourceTree = "<group>"; };
		47AAFC4225A0098900DC1A02 /* AlertItem.swift */ = {isa = PBXFileReference; lastKnownFileType = sourcecode.swift; path = AlertItem.swift; sourceTree = "<group>"; };
		47B9614F25169BEF0069E441 /* SettingsView.swift */ = {isa = PBXFileReference; lastKnownFileType = sourcecode.swift; path = SettingsView.swift; sourceTree = "<group>"; };
		47C332A6251688D9009ED5CA /* MiscellaneousUtilities.swift */ = {isa = PBXFileReference; lastKnownFileType = sourcecode.swift; path = MiscellaneousUtilities.swift; sourceTree = "<group>"; };
/* End PBXFileReference section */

/* Begin PBXFrameworksBuildPhase section */
		470812E62515E4D700794934 /* Frameworks */ = {
			isa = PBXFrameworksBuildPhase;
			buildActionMask = 2147483647;
			files = (
				470813032515E8A200794934 /* KeychainAccess in Frameworks */,
				47A93562261A808600134BC3 /* SpotifyAPI in Frameworks */,
				1902483D2951CD050038ED18 /* Realm in Frameworks */,
				1902483F2951CD050038ED18 /* RealmSwift in Frameworks */,
				191E3A94294F3CFF004E57DD /* XCDYouTubeKit in Frameworks */,
			);
			runOnlyForDeploymentPostprocessing = 0;
		};
/* End PBXFrameworksBuildPhase section */

/* Begin PBXGroup section */
		190248222950A9DF0038ED18 /* Extentions */ = {
			isa = PBXGroup;
			children = (
				190248232950A9F10038ED18 /* Int+Extenstions.swift */,
				190248392951CB910038ED18 /* Binding+Extensions.swift */,
			);
			path = Extentions;
			sourceTree = "<group>";
		};
		191E3A82294DCC0B004E57DD /* StartApp */ = {
			isa = PBXGroup;
			children = (
				1902482B2950C4710038ED18 /* EnterToAppView.swift */,
				1902482C2950C4710038ED18 /* ShowLoginView.swift */,
			);
			path = StartApp;
			sourceTree = "<group>";
		};
		191E3A87294DF389004E57DD /* AlarmViews */ = {
			isa = PBXGroup;
			children = (
				191E3A88294DF39A004E57DD /* ChooseMusicView.swift */,
				191E3A90294F3BDA004E57DD /* HelpView.swift */,
				191E3A8E294E59AE004E57DD /* SelectSpotifyMusicView.swift */,
			);
			path = AlarmViews;
			sourceTree = "<group>";
		};
		191E3A8A294E06F7004E57DD /* Componetns */ = {
			isa = PBXGroup;
			children = (
				190248362950CC7B0038ED18 /* StopAlarmView.swift */,
				190248352950CC7B0038ED18 /* TrackHScrollableView.swift */,
				190248332950CC650038ED18 /* CircleGroupView.swift */,
				19503363289574DB00D1C1CF /* LoginView.swift */,
				19024844295230800038ED18 /* GradientButton.swift */,
				19890F1B29525BA000B1D8F1 /* AddTrackListButton.swift */,
			);
			path = Componetns;
			sourceTree = "<group>";
		};
		191E3A8D294E2EFD004E57DD /* Resources */ = {
			isa = PBXGroup;
			children = (
				1902484A29523ECA0038ED18 /* Assets.xcassets */,
			);
			path = Resources;
			sourceTree = "<group>";
		};
		191E3A95294F9811004E57DD /* ViewModifiers */ = {
			isa = PBXGroup;
			children = (
				191E3A96294F9829004E57DD /* ListBackgroundModifier.swift */,
				191E3A98294F998A004E57DD /* NavigationBarModifier.swift */,
			);
			path = ViewModifiers;
			sourceTree = "<group>";
		};
		191E3A9E29506A00004E57DD /* GridViews */ = {
			isa = PBXGroup;
			children = (
				191E3A9F29506A2F004E57DD /* AlarmSpotifyGridView.swift */,
			);
			path = GridViews;
			sourceTree = "<group>";
		};
		19890F1E29525C3400B1D8F1 /* Data */ = {
			isa = PBXGroup;
			children = (
				190248402951CFEA0038ED18 /* TrackItem.swift */,
			);
			path = Data;
			sourceTree = "<group>";
		};
		19EF7AFD288C44AA009D0887 /* TabBarViews */ = {
			isa = PBXGroup;
			children = (
				19EF7AF5288BC28E009D0887 /* TopSongsView.swift */,
				19EF7AF7288BC806009D0887 /* TopArtistsView.swift */,
				47363AEA26112991007EEF6A /* RecentlyPlayedView.swift */,
				19F39A23294D0B6600AA4C2B /* AlarmView.swift */,
			);
			path = TabBarViews;
			sourceTree = "<group>";
		};
		19EF7AFE288C44C6009D0887 /* CellViews */ = {
			isa = PBXGroup;
			children = (
				190248302950C5150038ED18 /* ArtistView.swift */,
				1902482F2950C5150038ED18 /* TrackView.swift */,
				190248422951DB200038ED18 /* AlarmTrackView.swift */,
			);
			path = CellViews;
			sourceTree = "<group>";
		};
		470812E02515E4D700794934 = {
			isa = PBXGroup;
			children = (
				470812EB2515E4D700794934 /* Topotify */,
				470812EA2515E4D700794934 /* Products */,
				47A93557261A7FF500134BC3 /* Frameworks */,
			);
			sourceTree = "<group>";
		};
		470812EA2515E4D700794934 /* Products */ = {
			isa = PBXGroup;
			children = (
				470812E92515E4D700794934 /* Topotify.app */,
			);
			name = Products;
			sourceTree = "<group>";
		};
		470812EB2515E4D700794934 /* Topotify */ = {
			isa = PBXGroup;
			children = (
				470812EC2515E4D700794934 /* Topotify.swift */,
				190248222950A9DF0038ED18 /* Extentions */,
				470813112515EB8000794934 /* Model */,
				470813082515E9F500794934 /* Views */,
				191E3A8D294E2EFD004E57DD /* Resources */,
				4708130C2515EB6200794934 /* Project Utilities */,
				470812F22515E4DA00794934 /* Preview Content */,
			);
			path = Topotify;
			sourceTree = "<group>";
		};
		470812F22515E4DA00794934 /* Preview Content */ = {
			isa = PBXGroup;
			children = (
				470812F32515E4DA00794934 /* Preview Assets.xcassets */,
			);
			path = "Preview Content";
			sourceTree = "<group>";
		};
		470813082515E9F500794934 /* Views */ = {
			isa = PBXGroup;
			children = (
				191E3A9E29506A00004E57DD /* GridViews */,
				19EF7AFE288C44C6009D0887 /* CellViews */,
				191E3A95294F9811004E57DD /* ViewModifiers */,
				191E3A8A294E06F7004E57DD /* Componetns */,
				470812EE2515E4D700794934 /* RootView.swift */,
				191E3A82294DCC0B004E57DD /* StartApp */,
				19EF7AFD288C44AA009D0887 /* TabBarViews */,
				47B9614F25169BEF0069E441 /* SettingsView.swift */,
				191E3A87294DF389004E57DD /* AlarmViews */,
			);
			path = Views;
			sourceTree = "<group>";
		};
		4708130C2515EB6200794934 /* Project Utilities */ = {
			isa = PBXGroup;
			children = (
				470812F52515E4DA00794934 /* Info.plist */,
				4708130D2515EB6B00794934 /* ImageNames.swift */,
				47AAFC4225A0098900DC1A02 /* AlertItem.swift */,
				47C332A6251688D9009ED5CA /* MiscellaneousUtilities.swift */,
				191E3A8B294E075A004E57DD /* ColorNames.swift */,
				19890F20295264B500B1D8F1 /* Migrator.swift */,
			);
			path = "Project Utilities";
			sourceTree = "<group>";
		};
		470813112515EB8000794934 /* Model */ = {
			isa = PBXGroup;
			children = (
				470813092515EA2800794934 /* Spotify.swift */,
				19890F1E29525C3400B1D8F1 /* Data */,
			);
			path = Model;
			sourceTree = "<group>";
		};
		47A93557261A7FF500134BC3 /* Frameworks */ = {
			isa = PBXGroup;
			children = (
			);
			name = Frameworks;
			sourceTree = "<group>";
		};
/* End PBXGroup section */

/* Begin PBXNativeTarget section */
		470812E82515E4D700794934 /* Topotify */ = {
			isa = PBXNativeTarget;
			buildConfigurationList = 470812F82515E4DA00794934 /* Build configuration list for PBXNativeTarget "Topotify" */;
			buildPhases = (
				470812E52515E4D700794934 /* Sources */,
				470812E62515E4D700794934 /* Frameworks */,
				470812E72515E4D700794934 /* Resources */,
			);
			buildRules = (
			);
			dependencies = (
			);
			name = Topotify;
			packageProductDependencies = (
				470813022515E8A200794934 /* KeychainAccess */,
				47A93561261A808600134BC3 /* SpotifyAPI */,
				191E3A93294F3CFF004E57DD /* XCDYouTubeKit */,
				1902483C2951CD050038ED18 /* Realm */,
				1902483E2951CD050038ED18 /* RealmSwift */,
			);
			productName = SpotifyAPIExampleApp;
			productReference = 470812E92515E4D700794934 /* Topotify.app */;
			productType = "com.apple.product-type.application";
		};
/* End PBXNativeTarget section */

/* Begin PBXProject section */
		470812E12515E4D700794934 /* Project object */ = {
			isa = PBXProject;
			attributes = {
				LastSwiftUpdateCheck = 1200;
				LastUpgradeCheck = 1200;
				TargetAttributes = {
					470812E82515E4D700794934 = {
						CreatedOnToolsVersion = 12.0;
					};
				};
			};
			buildConfigurationList = 470812E42515E4D700794934 /* Build configuration list for PBXProject "Topotify" */;
			compatibilityVersion = "Xcode 9.3";
			developmentRegion = en;
			hasScannedForEncodings = 0;
			knownRegions = (
				en,
				Base,
			);
			mainGroup = 470812E02515E4D700794934;
			packageReferences = (
				470813012515E8A200794934 /* XCRemoteSwiftPackageReference "KeychainAccess" */,
				47A9355E261A808600134BC3 /* XCRemoteSwiftPackageReference "SpotifyAPI" */,
				191E3A92294F3CFF004E57DD /* XCRemoteSwiftPackageReference "XCDYouTubeKit" */,
				1902483B2951CD040038ED18 /* XCRemoteSwiftPackageReference "realm-swift" */,
			);
			productRefGroup = 470812EA2515E4D700794934 /* Products */;
			projectDirPath = "";
			projectRoot = "";
			targets = (
				470812E82515E4D700794934 /* Topotify */,
			);
		};
/* End PBXProject section */

/* Begin PBXResourcesBuildPhase section */
		470812E72515E4D700794934 /* Resources */ = {
			isa = PBXResourcesBuildPhase;
			buildActionMask = 2147483647;
			files = (
				470812F42515E4DA00794934 /* Preview Assets.xcassets in Resources */,
				1902484B29523ECA0038ED18 /* Assets.xcassets in Resources */,
			);
			runOnlyForDeploymentPostprocessing = 0;
		};
/* End PBXResourcesBuildPhase section */

/* Begin PBXSourcesBuildPhase section */
		470812E52515E4D700794934 /* Sources */ = {
			isa = PBXSourcesBuildPhase;
			buildActionMask = 2147483647;
			files = (
				190248342950CC650038ED18 /* CircleGroupView.swift in Sources */,
				191E3A99294F998A004E57DD /* NavigationBarModifier.swift in Sources */,
				190248312950C5150038ED18 /* TrackView.swift in Sources */,
				190248242950A9F10038ED18 /* Int+Extenstions.swift in Sources */,
				4708130E2515EB6B00794934 /* ImageNames.swift in Sources */,
				191E3A8F294E59AE004E57DD /* SelectSpotifyMusicView.swift in Sources */,
				190248322950C5150038ED18 /* ArtistView.swift in Sources */,
				19024845295230800038ED18 /* GradientButton.swift in Sources */,
				19EF7AF6288BC28E009D0887 /* TopSongsView.swift in Sources */,
				19890F1C29525BA000B1D8F1 /* AddTrackListButton.swift in Sources */,
				1902482E2950C4710038ED18 /* ShowLoginView.swift in Sources */,
				47363AEB26112991007EEF6A /* RecentlyPlayedView.swift in Sources */,
				470812EF2515E4D700794934 /* RootView.swift in Sources */,
				191E3A8C294E075A004E57DD /* ColorNames.swift in Sources */,
				19890F21295264B500B1D8F1 /* Migrator.swift in Sources */,
				19503364289574DB00D1C1CF /* LoginView.swift in Sources */,
				191E3A89294DF39A004E57DD /* ChooseMusicView.swift in Sources */,
				47AAFC4325A0098900DC1A02 /* AlertItem.swift in Sources */,
				47C332A7251688D9009ED5CA /* MiscellaneousUtilities.swift in Sources */,
				1902482D2950C4710038ED18 /* EnterToAppView.swift in Sources */,
				190248412951CFEA0038ED18 /* TrackItem.swift in Sources */,
				1902483A2951CB910038ED18 /* Binding+Extensions.swift in Sources */,
				191E3A91294F3BDA004E57DD /* HelpView.swift in Sources */,
				4708130A2515EA2800794934 /* Spotify.swift in Sources */,
				19EF7AF8288BC806009D0887 /* TopArtistsView.swift in Sources */,
				190248432951DB200038ED18 /* AlarmTrackView.swift in Sources */,
				190248382950CC7B0038ED18 /* StopAlarmView.swift in Sources */,
				191E3AA029506A2F004E57DD /* AlarmSpotifyGridView.swift in Sources */,
				470812ED2515E4D700794934 /* Topotify.swift in Sources */,
				19F39A24294D0B6600AA4C2B /* AlarmView.swift in Sources */,
				47B9615025169BEF0069E441 /* SettingsView.swift in Sources */,
				190248372950CC7B0038ED18 /* TrackHScrollableView.swift in Sources */,
				191E3A97294F9829004E57DD /* ListBackgroundModifier.swift in Sources */,
			);
			runOnlyForDeploymentPostprocessing = 0;
		};
/* End PBXSourcesBuildPhase section */

/* Begin XCBuildConfiguration section */
		470812F62515E4DA00794934 /* Debug */ = {
			isa = XCBuildConfiguration;
			buildSettings = {
				ALWAYS_SEARCH_USER_PATHS = NO;
				CLANG_ANALYZER_NONNULL = YES;
				CLANG_ANALYZER_NUMBER_OBJECT_CONVERSION = YES_AGGRESSIVE;
				CLANG_CXX_LANGUAGE_STANDARD = "gnu++14";
				CLANG_CXX_LIBRARY = "libc++";
				CLANG_ENABLE_MODULES = YES;
				CLANG_ENABLE_OBJC_ARC = YES;
				CLANG_ENABLE_OBJC_WEAK = YES;
				CLANG_WARN_BLOCK_CAPTURE_AUTORELEASING = YES;
				CLANG_WARN_BOOL_CONVERSION = YES;
				CLANG_WARN_COMMA = YES;
				CLANG_WARN_CONSTANT_CONVERSION = YES;
				CLANG_WARN_DEPRECATED_OBJC_IMPLEMENTATIONS = YES;
				CLANG_WARN_DIRECT_OBJC_ISA_USAGE = YES_ERROR;
				CLANG_WARN_DOCUMENTATION_COMMENTS = YES;
				CLANG_WARN_EMPTY_BODY = YES;
				CLANG_WARN_ENUM_CONVERSION = YES;
				CLANG_WARN_INFINITE_RECURSION = YES;
				CLANG_WARN_INT_CONVERSION = YES;
				CLANG_WARN_NON_LITERAL_NULL_CONVERSION = YES;
				CLANG_WARN_OBJC_IMPLICIT_RETAIN_SELF = YES;
				CLANG_WARN_OBJC_LITERAL_CONVERSION = YES;
				CLANG_WARN_OBJC_ROOT_CLASS = YES_ERROR;
				CLANG_WARN_QUOTED_INCLUDE_IN_FRAMEWORK_HEADER = YES;
				CLANG_WARN_RANGE_LOOP_ANALYSIS = YES;
				CLANG_WARN_STRICT_PROTOTYPES = YES;
				CLANG_WARN_SUSPICIOUS_MOVE = YES;
				CLANG_WARN_UNGUARDED_AVAILABILITY = YES_AGGRESSIVE;
				CLANG_WARN_UNREACHABLE_CODE = YES;
				CLANG_WARN__DUPLICATE_METHOD_MATCH = YES;
				COPY_PHASE_STRIP = NO;
				DEBUG_INFORMATION_FORMAT = dwarf;
				ENABLE_STRICT_OBJC_MSGSEND = YES;
				ENABLE_TESTABILITY = YES;
				ENABLE_TESTING_SEARCH_PATHS = YES;
				GCC_C_LANGUAGE_STANDARD = gnu11;
				GCC_DYNAMIC_NO_PIC = NO;
				GCC_NO_COMMON_BLOCKS = YES;
				GCC_OPTIMIZATION_LEVEL = 0;
				GCC_PREPROCESSOR_DEFINITIONS = (
					"DEBUG=1",
					"$(inherited)",
				);
				GCC_WARN_64_TO_32_BIT_CONVERSION = YES;
				GCC_WARN_ABOUT_RETURN_TYPE = YES_ERROR;
				GCC_WARN_UNDECLARED_SELECTOR = YES;
				GCC_WARN_UNINITIALIZED_AUTOS = YES_AGGRESSIVE;
				GCC_WARN_UNUSED_FUNCTION = YES;
				GCC_WARN_UNUSED_VARIABLE = YES;
				IPHONEOS_DEPLOYMENT_TARGET = 14.0;
				LD_RUNPATH_SEARCH_PATHS = (
					"$(PLATFORM_DIR)/Developer/usr/lib",
					"$(PLATFORM_DIR)/Developer/Library/Frameworks",
				);
				MTL_ENABLE_DEBUG_INFO = INCLUDE_SOURCE;
				MTL_FAST_MATH = YES;
				ONLY_ACTIVE_ARCH = YES;
				OTHER_LDFLAGS = "-ObjC";
				SDKROOT = iphoneos;
				SWIFT_ACTIVE_COMPILATION_CONDITIONS = DEBUG;
				SWIFT_OBJC_BRIDGING_HEADER = "";
				SWIFT_OPTIMIZATION_LEVEL = "-Onone";
			};
			name = Debug;
		};
		470812F72515E4DA00794934 /* Release */ = {
			isa = XCBuildConfiguration;
			buildSettings = {
				ALWAYS_SEARCH_USER_PATHS = NO;
				CLANG_ANALYZER_NONNULL = YES;
				CLANG_ANALYZER_NUMBER_OBJECT_CONVERSION = YES_AGGRESSIVE;
				CLANG_CXX_LANGUAGE_STANDARD = "gnu++14";
				CLANG_CXX_LIBRARY = "libc++";
				CLANG_ENABLE_MODULES = YES;
				CLANG_ENABLE_OBJC_ARC = YES;
				CLANG_ENABLE_OBJC_WEAK = YES;
				CLANG_WARN_BLOCK_CAPTURE_AUTORELEASING = YES;
				CLANG_WARN_BOOL_CONVERSION = YES;
				CLANG_WARN_COMMA = YES;
				CLANG_WARN_CONSTANT_CONVERSION = YES;
				CLANG_WARN_DEPRECATED_OBJC_IMPLEMENTATIONS = YES;
				CLANG_WARN_DIRECT_OBJC_ISA_USAGE = YES_ERROR;
				CLANG_WARN_DOCUMENTATION_COMMENTS = YES;
				CLANG_WARN_EMPTY_BODY = YES;
				CLANG_WARN_ENUM_CONVERSION = YES;
				CLANG_WARN_INFINITE_RECURSION = YES;
				CLANG_WARN_INT_CONVERSION = YES;
				CLANG_WARN_NON_LITERAL_NULL_CONVERSION = YES;
				CLANG_WARN_OBJC_IMPLICIT_RETAIN_SELF = YES;
				CLANG_WARN_OBJC_LITERAL_CONVERSION = YES;
				CLANG_WARN_OBJC_ROOT_CLASS = YES_ERROR;
				CLANG_WARN_QUOTED_INCLUDE_IN_FRAMEWORK_HEADER = YES;
				CLANG_WARN_RANGE_LOOP_ANALYSIS = YES;
				CLANG_WARN_STRICT_PROTOTYPES = YES;
				CLANG_WARN_SUSPICIOUS_MOVE = YES;
				CLANG_WARN_UNGUARDED_AVAILABILITY = YES_AGGRESSIVE;
				CLANG_WARN_UNREACHABLE_CODE = YES;
				CLANG_WARN__DUPLICATE_METHOD_MATCH = YES;
				COPY_PHASE_STRIP = NO;
				DEBUG_INFORMATION_FORMAT = "dwarf-with-dsym";
				ENABLE_NS_ASSERTIONS = NO;
				ENABLE_STRICT_OBJC_MSGSEND = YES;
				ENABLE_TESTING_SEARCH_PATHS = YES;
				GCC_C_LANGUAGE_STANDARD = gnu11;
				GCC_NO_COMMON_BLOCKS = YES;
				GCC_WARN_64_TO_32_BIT_CONVERSION = YES;
				GCC_WARN_ABOUT_RETURN_TYPE = YES_ERROR;
				GCC_WARN_UNDECLARED_SELECTOR = YES;
				GCC_WARN_UNINITIALIZED_AUTOS = YES_AGGRESSIVE;
				GCC_WARN_UNUSED_FUNCTION = YES;
				GCC_WARN_UNUSED_VARIABLE = YES;
				IPHONEOS_DEPLOYMENT_TARGET = 14.0;
				LD_RUNPATH_SEARCH_PATHS = (
					"$(PLATFORM_DIR)/Developer/usr/lib",
					"$(PLATFORM_DIR)/Developer/Library/Frameworks",
				);
				MTL_ENABLE_DEBUG_INFO = NO;
				MTL_FAST_MATH = YES;
				OTHER_LDFLAGS = "-ObjC";
				SDKROOT = iphoneos;
				SWIFT_COMPILATION_MODE = wholemodule;
				SWIFT_OBJC_BRIDGING_HEADER = "";
				SWIFT_OPTIMIZATION_LEVEL = "-O";
				VALIDATE_PRODUCT = YES;
			};
			name = Release;
		};
		470812F92515E4DA00794934 /* Debug */ = {
			isa = XCBuildConfiguration;
			buildSettings = {
				ASSETCATALOG_COMPILER_APPICON_NAME = AppIcon;
				ASSETCATALOG_COMPILER_GLOBAL_ACCENT_COLOR_NAME = AccentColor;
				CODE_SIGN_STYLE = Automatic;
				DEVELOPMENT_ASSET_PATHS = "\"Topotify/Preview Content\"";
				DEVELOPMENT_TEAM = 2DQV4CFN7G;
				ENABLE_PREVIEWS = YES;
				EXCLUDED_ARCHS = "";
				FRAMEWORK_SEARCH_PATHS = (
					"$(inherited)",
					"$(PROJECT_DIR)",
				);
				INFOPLIST_FILE = "Topotify/Project Utilities/Info.plist";
				IPHONEOS_DEPLOYMENT_TARGET = 15.0;
				LD_RUNPATH_SEARCH_PATHS = (
					"$(inherited)",
					"@executable_path/Frameworks",
				);
				PRODUCT_BUNDLE_IDENTIFIER = com.usamaeltmsah.Topotify;
				PRODUCT_NAME = "$(TARGET_NAME)";
				SWIFT_VERSION = 5.0;
				TARGETED_DEVICE_FAMILY = "1,2";
			};
			name = Debug;
		};
		470812FA2515E4DA00794934 /* Release */ = {
			isa = XCBuildConfiguration;
			buildSettings = {
				ASSETCATALOG_COMPILER_APPICON_NAME = AppIcon;
				ASSETCATALOG_COMPILER_GLOBAL_ACCENT_COLOR_NAME = AccentColor;
				CODE_SIGN_STYLE = Automatic;
				DEVELOPMENT_ASSET_PATHS = "\"Topotify/Preview Content\"";
				DEVELOPMENT_TEAM = 2DQV4CFN7G;
				ENABLE_PREVIEWS = YES;
				EXCLUDED_ARCHS = "";
				FRAMEWORK_SEARCH_PATHS = (
					"$(inherited)",
					"$(PROJECT_DIR)",
				);
				INFOPLIST_FILE = "Topotify/Project Utilities/Info.plist";
				IPHONEOS_DEPLOYMENT_TARGET = 15.0;
				LD_RUNPATH_SEARCH_PATHS = (
					"$(inherited)",
					"@executable_path/Frameworks",
				);
				ONLY_ACTIVE_ARCH = YES;
				PRODUCT_BUNDLE_IDENTIFIER = com.usamaeltmsah.topotify;
				PRODUCT_NAME = "$(TARGET_NAME)";
				SWIFT_VERSION = 5.0;
				TARGETED_DEVICE_FAMILY = "1,2";
			};
			name = Release;
		};
/* End XCBuildConfiguration section */

/* Begin XCConfigurationList section */
		470812E42515E4D700794934 /* Build configuration list for PBXProject "Topotify" */ = {
			isa = XCConfigurationList;
			buildConfigurations = (
				470812F62515E4DA00794934 /* Debug */,
				470812F72515E4DA00794934 /* Release */,
			);
			defaultConfigurationIsVisible = 0;
			defaultConfigurationName = Release;
		};
		470812F82515E4DA00794934 /* Build configuration list for PBXNativeTarget "Topotify" */ = {
			isa = XCConfigurationList;
			buildConfigurations = (
				470812F92515E4DA00794934 /* Debug */,
				470812FA2515E4DA00794934 /* Release */,
			);
			defaultConfigurationIsVisible = 0;
			defaultConfigurationName = Release;
		};
/* End XCConfigurationList section */

/* Begin XCRemoteSwiftPackageReference section */
		1902483B2951CD040038ED18 /* XCRemoteSwiftPackageReference "realm-swift" */ = {
			isa = XCRemoteSwiftPackageReference;
			repositoryURL = "https://github.com/realm/realm-swift.git";
			requirement = {
				branch = master;
				kind = branch;
			};
		};
		191E3A92294F3CFF004E57DD /* XCRemoteSwiftPackageReference "XCDYouTubeKit" */ = {
			isa = XCRemoteSwiftPackageReference;
			repositoryURL = "https://github.com/0xced/XCDYouTubeKit.git";
			requirement = {
				kind = upToNextMajorVersion;
				minimumVersion = 2.0.0;
			};
		};
		470813012515E8A200794934 /* XCRemoteSwiftPackageReference "KeychainAccess" */ = {
			isa = XCRemoteSwiftPackageReference;
			repositoryURL = "https://github.com/kishikawakatsumi/KeychainAccess";
			requirement = {
				kind = upToNextMajorVersion;
				minimumVersion = 4.2.1;
			};
		};
		47A9355E261A808600134BC3 /* XCRemoteSwiftPackageReference "SpotifyAPI" */ = {
			isa = XCRemoteSwiftPackageReference;
			repositoryURL = "https://github.com/Peter-Schorn/SpotifyAPI.git";
			requirement = {
				kind = upToNextMajorVersion;
				minimumVersion = 2.0.0;
			};
		};
/* End XCRemoteSwiftPackageReference section */

/* Begin XCSwiftPackageProductDependency section */
		1902483C2951CD050038ED18 /* Realm */ = {
			isa = XCSwiftPackageProductDependency;
			package = 1902483B2951CD040038ED18 /* XCRemoteSwiftPackageReference "realm-swift" */;
			productName = Realm;
		};
		1902483E2951CD050038ED18 /* RealmSwift */ = {
			isa = XCSwiftPackageProductDependency;
			package = 1902483B2951CD040038ED18 /* XCRemoteSwiftPackageReference "realm-swift" */;
			productName = RealmSwift;
		};
		191E3A93294F3CFF004E57DD /* XCDYouTubeKit */ = {
			isa = XCSwiftPackageProductDependency;
			package = 191E3A92294F3CFF004E57DD /* XCRemoteSwiftPackageReference "XCDYouTubeKit" */;
			productName = XCDYouTubeKit;
		};
		470813022515E8A200794934 /* KeychainAccess */ = {
			isa = XCSwiftPackageProductDependency;
			package = 470813012515E8A200794934 /* XCRemoteSwiftPackageReference "KeychainAccess" */;
			productName = KeychainAccess;
		};
		47A93561261A808600134BC3 /* SpotifyAPI */ = {
			isa = XCSwiftPackageProductDependency;
			package = 47A9355E261A808600134BC3 /* XCRemoteSwiftPackageReference "SpotifyAPI" */;
			productName = SpotifyAPI;
		};
/* End XCSwiftPackageProductDependency section */
	};
	rootObject = 470812E12515E4D700794934 /* Project object */;
}
